// !$*UTF8*$!
{
	archiveVersion = 1;
	classes = {
	};
	objectVersion = 50;
	objects = {

/* Begin PBXBuildFile section */
		03E056E922B1DBE900E4B6C8 /* AppDelegate.m in Sources */ = {isa = PBXBuildFile; fileRef = 03E056E822B1DBE900E4B6C8 /* AppDelegate.m */; };
		03E056EC22B1DBE900E4B6C8 /* ViewController.m in Sources */ = {isa = PBXBuildFile; fileRef = 03E056EB22B1DBE900E4B6C8 /* ViewController.m */; };
		03E056EF22B1DBE900E4B6C8 /* Main.storyboard in Resources */ = {isa = PBXBuildFile; fileRef = 03E056ED22B1DBE900E4B6C8 /* Main.storyboard */; };
		03E056F122B1DBEE00E4B6C8 /* Assets.xcassets in Resources */ = {isa = PBXBuildFile; fileRef = 03E056F022B1DBEE00E4B6C8 /* Assets.xcassets */; };
		03E056F422B1DBEE00E4B6C8 /* LaunchScreen.storyboard in Resources */ = {isa = PBXBuildFile; fileRef = 03E056F222B1DBEE00E4B6C8 /* LaunchScreen.storyboard */; };
		03E056F722B1DBEE00E4B6C8 /* main.m in Sources */ = {isa = PBXBuildFile; fileRef = 03E056F622B1DBEE00E4B6C8 /* main.m */; };
		DC7BF91FE52AEE30B068FD5A /* libPods-PlugInUnitDemo.a in Frameworks */ = {isa = PBXBuildFile; fileRef = 1ACEFB60020432ED762CA846 /* libPods-PlugInUnitDemo.a */; };
/* End PBXBuildFile section */

/* Begin PBXFileReference section */
		03E056E422B1DBE900E4B6C8 /* PlugInUnitDemo.app */ = {isa = PBXFileReference; explicitFileType = wrapper.application; includeInIndex = 0; path = PlugInUnitDemo.app; sourceTree = BUILT_PRODUCTS_DIR; };
		03E056E722B1DBE900E4B6C8 /* AppDelegate.h */ = {isa = PBXFileReference; lastKnownFileType = sourcecode.c.h; path = AppDelegate.h; sourceTree = "<group>"; };
		03E056E822B1DBE900E4B6C8 /* AppDelegate.m */ = {isa = PBXFileReference; lastKnownFileType = sourcecode.c.objc; path = AppDelegate.m; sourceTree = "<group>"; };
		03E056EA22B1DBE900E4B6C8 /* ViewController.h */ = {isa = PBXFileReference; lastKnownFileType = sourcecode.c.h; path = ViewController.h; sourceTree = "<group>"; };
		03E056EB22B1DBE900E4B6C8 /* ViewController.m */ = {isa = PBXFileReference; lastKnownFileType = sourcecode.c.objc; path = ViewController.m; sourceTree = "<group>"; };
		03E056EE22B1DBE900E4B6C8 /* Base */ = {isa = PBXFileReference; lastKnownFileType = file.storyboard; name = Base; path = Base.lproj/Main.storyboard; sourceTree = "<group>"; };
		03E056F022B1DBEE00E4B6C8 /* Assets.xcassets */ = {isa = PBXFileReference; lastKnownFileType = folder.assetcatalog; path = Assets.xcassets; sourceTree = "<group>"; };
		03E056F322B1DBEE00E4B6C8 /* Base */ = {isa = PBXFileReference; lastKnownFileType = file.storyboard; name = Base; path = Base.lproj/LaunchScreen.storyboard; sourceTree = "<group>"; };
		03E056F522B1DBEE00E4B6C8 /* Info.plist */ = {isa = PBXFileReference; lastKnownFileType = text.plist.xml; path = Info.plist; sourceTree = "<group>"; };
		03E056F622B1DBEE00E4B6C8 /* main.m */ = {isa = PBXFileReference; lastKnownFileType = sourcecode.c.objc; path = main.m; sourceTree = "<group>"; };
		1ACEFB60020432ED762CA846 /* libPods-PlugInUnitDemo.a */ = {isa = PBXFileReference; explicitFileType = archive.ar; includeInIndex = 0; path = "libPods-PlugInUnitDemo.a"; sourceTree = BUILT_PRODUCTS_DIR; };
		62BF680BB9A8540B518DB5D3 /* Pods-PlugInUnitDemo.release.xcconfig */ = {isa = PBXFileReference; includeInIndex = 1; lastKnownFileType = text.xcconfig; name = "Pods-PlugInUnitDemo.release.xcconfig"; path = "Target Support Files/Pods-PlugInUnitDemo/Pods-PlugInUnitDemo.release.xcconfig"; sourceTree = "<group>"; };
		70D29DA1EC9794872FC9D728 /* Pods-PlugInUnitDemo.debug.xcconfig */ = {isa = PBXFileReference; includeInIndex = 1; lastKnownFileType = text.xcconfig; name = "Pods-PlugInUnitDemo.debug.xcconfig"; path = "Target Support Files/Pods-PlugInUnitDemo/Pods-PlugInUnitDemo.debug.xcconfig"; sourceTree = "<group>"; };
/* End PBXFileReference section */

/* Begin PBXFrameworksBuildPhase section */
		03E056E122B1DBE900E4B6C8 /* Frameworks */ = {
			isa = PBXFrameworksBuildPhase;
			buildActionMask = 2147483647;
			files = (
				DC7BF91FE52AEE30B068FD5A /* libPods-PlugInUnitDemo.a in Frameworks */,
			);
			runOnlyForDeploymentPostprocessing = 0;
		};
/* End PBXFrameworksBuildPhase section */

/* Begin PBXGroup section */
		03E056DB22B1DBE900E4B6C8 = {
			isa = PBXGroup;
			children = (
				03E056E622B1DBE900E4B6C8 /* PlugInUnitDemo */,
				03E056E522B1DBE900E4B6C8 /* Products */,
				ABF60D9A86CA84114D1D42D7 /* Pods */,
				A4E4968F5C8EB6B38E3FD5B0 /* Frameworks */,
			);
			sourceTree = "<group>";
		};
		03E056E522B1DBE900E4B6C8 /* Products */ = {
			isa = PBXGroup;
			children = (
				03E056E422B1DBE900E4B6C8 /* PlugInUnitDemo.app */,
			);
			name = Products;
			sourceTree = "<group>";
		};
		03E056E622B1DBE900E4B6C8 /* PlugInUnitDemo */ = {
			isa = PBXGroup;
			children = (
				03E056E722B1DBE900E4B6C8 /* AppDelegate.h */,
				03E056E822B1DBE900E4B6C8 /* AppDelegate.m */,
				03E056EA22B1DBE900E4B6C8 /* ViewController.h */,
				03E056EB22B1DBE900E4B6C8 /* ViewController.m */,
				03E056ED22B1DBE900E4B6C8 /* Main.storyboard */,
				03E056F022B1DBEE00E4B6C8 /* Assets.xcassets */,
				03E056F222B1DBEE00E4B6C8 /* LaunchScreen.storyboard */,
				03E056F522B1DBEE00E4B6C8 /* Info.plist */,
				03E056F622B1DBEE00E4B6C8 /* main.m */,
			);
			path = PlugInUnitDemo;
			sourceTree = "<group>";
		};
		A4E4968F5C8EB6B38E3FD5B0 /* Frameworks */ = {
			isa = PBXGroup;
			children = (
				1ACEFB60020432ED762CA846 /* libPods-PlugInUnitDemo.a */,
			);
			name = Frameworks;
			sourceTree = "<group>";
		};
		ABF60D9A86CA84114D1D42D7 /* Pods */ = {
			isa = PBXGroup;
			children = (
				70D29DA1EC9794872FC9D728 /* Pods-PlugInUnitDemo.debug.xcconfig */,
				62BF680BB9A8540B518DB5D3 /* Pods-PlugInUnitDemo.release.xcconfig */,
			);
			name = Pods;
			path = Pods;
			sourceTree = "<group>";
		};
/* End PBXGroup section */

/* Begin PBXNativeTarget section */
		03E056E322B1DBE900E4B6C8 /* PlugInUnitDemo */ = {
			isa = PBXNativeTarget;
			buildConfigurationList = 03E056FA22B1DBEE00E4B6C8 /* Build configuration list for PBXNativeTarget "PlugInUnitDemo" */;
			buildPhases = (
				FB085E8F15B3B67B8C070B8A /* [CP] Check Pods Manifest.lock */,
				03E056E022B1DBE900E4B6C8 /* Sources */,
				03E056E122B1DBE900E4B6C8 /* Frameworks */,
				03E056E222B1DBE900E4B6C8 /* Resources */,
			);
			buildRules = (
			);
			dependencies = (
			);
			name = PlugInUnitDemo;
			productName = PlugInUnitDemo;
			productReference = 03E056E422B1DBE900E4B6C8 /* PlugInUnitDemo.app */;
			productType = "com.apple.product-type.application";
		};
/* End PBXNativeTarget section */

/* Begin PBXProject section */
		03E056DC22B1DBE900E4B6C8 /* Project object */ = {
			isa = PBXProject;
			attributes = {
				LastUpgradeCheck = 1020;
				ORGANIZATIONNAME = "鲁本英";
				TargetAttributes = {
					03E056E322B1DBE900E4B6C8 = {
						CreatedOnToolsVersion = 10.2.1;
					};
				};
			};
			buildConfigurationList = 03E056DF22B1DBE900E4B6C8 /* Build configuration list for PBXProject "PlugInUnitDemo" */;
			compatibilityVersion = "Xcode 9.3";
			developmentRegion = en;
			hasScannedForEncodings = 0;
			knownRegions = (
				en,
				Base,
			);
			mainGroup = 03E056DB22B1DBE900E4B6C8;
			productRefGroup = 03E056E522B1DBE900E4B6C8 /* Products */;
			projectDirPath = "";
			projectRoot = "";
			targets = (
				03E056E322B1DBE900E4B6C8 /* PlugInUnitDemo */,
			);
		};
/* End PBXProject section */

/* Begin PBXResourcesBuildPhase section */
		03E056E222B1DBE900E4B6C8 /* Resources */ = {
			isa = PBXResourcesBuildPhase;
			buildActionMask = 2147483647;
			files = (
				03E056F422B1DBEE00E4B6C8 /* LaunchScreen.storyboard in Resources */,
				03E056F122B1DBEE00E4B6C8 /* Assets.xcassets in Resources */,
				03E056EF22B1DBE900E4B6C8 /* Main.storyboard in Resources */,
			);
			runOnlyForDeploymentPostprocessing = 0;
		};
/* End PBXResourcesBuildPhase section */

/* Begin PBXShellScriptBuildPhase section */
		FB085E8F15B3B67B8C070B8A /* [CP] Check Pods Manifest.lock */ = {
			isa = PBXShellScriptBuildPhase;
			buildActionMask = 2147483647;
			files = (
			);
			inputFileListPaths = (
			);
			inputPaths = (
				"${PODS_PODFILE_DIR_PATH}/Podfile.lock",
				"${PODS_ROOT}/Manifest.lock",
			);
			name = "[CP] Check Pods Manifest.lock";
			outputFileListPaths = (
			);
			outputPaths = (
				"$(DERIVED_FILE_DIR)/Pods-PlugInUnitDemo-checkManifestLockResult.txt",
			);
			runOnlyForDeploymentPostprocessing = 0;
			shellPath = /bin/sh;
			shellScript = "diff \"${PODS_PODFILE_DIR_PATH}/Podfile.lock\" \"${PODS_ROOT}/Manifest.lock\" > /dev/null\nif [ $? != 0 ] ; then\n    # print error to STDERR\n    echo \"error: The sandbox is not in sync with the Podfile.lock. Run 'pod install' or update your CocoaPods installation.\" >&2\n    exit 1\nfi\n# This output is used by Xcode 'outputs' to avoid re-running this script phase.\necho \"SUCCESS\" > \"${SCRIPT_OUTPUT_FILE_0}\"\n";
			showEnvVarsInLog = 0;
		};
/* End PBXShellScriptBuildPhase section */

/* Begin PBXSourcesBuildPhase section */
		03E056E022B1DBE900E4B6C8 /* Sources */ = {
			isa = PBXSourcesBuildPhase;
			buildActionMask = 2147483647;
			files = (
				03E056EC22B1DBE900E4B6C8 /* ViewController.m in Sources */,
				03E056F722B1DBEE00E4B6C8 /* main.m in Sources */,
				03E056E922B1DBE900E4B6C8 /* AppDelegate.m in Sources */,
			);
			runOnlyForDeploymentPostprocessing = 0;
		};
/* End PBXSourcesBuildPhase section */

/* Begin PBXVariantGroup section */
		03E056ED22B1DBE900E4B6C8 /* Main.storyboard */ = {
			isa = PBXVariantGroup;
			children = (
				03E056EE22B1DBE900E4B6C8 /* Base */,
			);
			name = Main.storyboard;
			sourceTree = "<group>";
		};
		03E056F222B1DBEE00E4B6C8 /* LaunchScreen.storyboard */ = {
			isa = PBXVariantGroup;
			children = (
				03E056F322B1DBEE00E4B6C8 /* Base */,
			);
			name = LaunchScreen.storyboard;
			sourceTree = "<group>";
		};
/* End PBXVariantGroup section */

/* Begin XCBuildConfiguration section */
		03E056F822B1DBEE00E4B6C8 /* Debug */ = {
			isa = XCBuildConfiguration;
			buildSettings = {
				ALWAYS_SEARCH_USER_PATHS = NO;
				CLANG_ANALYZER_NONNULL = YES;
				CLANG_ANALYZER_NUMBER_OBJECT_CONVERSION = YES_AGGRESSIVE;
				CLANG_CXX_LANGUAGE_STANDARD = "gnu++14";
				CLANG_CXX_LIBRARY = "libc++";
				CLANG_ENABLE_MODULES = YES;
				CLANG_ENABLE_OBJC_ARC = YES;
				CLANG_ENABLE_OBJC_WEAK = YES;
				CLANG_WARN_BLOCK_CAPTURE_AUTORELEASING = YES;
				CLANG_WARN_BOOL_CONVERSION = YES;
				CLANG_WARN_COMMA = YES;
				CLANG_WARN_CONSTANT_CONVERSION = YES;
				CLANG_WARN_DEPRECATED_OBJC_IMPLEMENTATIONS = YES;
				CLANG_WARN_DIRECT_OBJC_ISA_USAGE = YES_ERROR;
				CLANG_WARN_DOCUMENTATION_COMMENTS = YES;
				CLANG_WARN_EMPTY_BODY = YES;
				CLANG_WARN_ENUM_CONVERSION = YES;
				CLANG_WARN_INFINITE_RECURSION = YES;
				CLANG_WARN_INT_CONVERSION = YES;
				CLANG_WARN_NON_LITERAL_NULL_CONVERSION = YES;
				CLANG_WARN_OBJC_IMPLICIT_RETAIN_SELF = YES;
				CLANG_WARN_OBJC_LITERAL_CONVERSION = YES;
				CLANG_WARN_OBJC_ROOT_CLASS = YES_ERROR;
				CLANG_WARN_RANGE_LOOP_ANALYSIS = YES;
				CLANG_WARN_STRICT_PROTOTYPES = YES;
				CLANG_WARN_SUSPICIOUS_MOVE = YES;
				CLANG_WARN_UNGUARDED_AVAILABILITY = YES_AGGRESSIVE;
				CLANG_WARN_UNREACHABLE_CODE = YES;
				CLANG_WARN__DUPLICATE_METHOD_MATCH = YES;
				CODE_SIGN_IDENTITY = "iPhone Developer";
				COPY_PHASE_STRIP = NO;
				DEBUG_INFORMATION_FORMAT = dwarf;
				ENABLE_STRICT_OBJC_MSGSEND = YES;
				ENABLE_TESTABILITY = YES;
				GCC_C_LANGUAGE_STANDARD = gnu11;
				GCC_DYNAMIC_NO_PIC = NO;
				GCC_NO_COMMON_BLOCKS = YES;
				GCC_OPTIMIZATION_LEVEL = 0;
				GCC_PREPROCESSOR_DEFINITIONS = (
					"DEBUG=1",
					"$(inherited)",
				);
				GCC_WARN_64_TO_32_BIT_CONVERSION = YES;
				GCC_WARN_ABOUT_RETURN_TYPE = YES_ERROR;
				GCC_WARN_UNDECLARED_SELECTOR = YES;
				GCC_WARN_UNINITIALIZED_AUTOS = YES_AGGRESSIVE;
				GCC_WARN_UNUSED_FUNCTION = YES;
				GCC_WARN_UNUSED_VARIABLE = YES;
				IPHONEOS_DEPLOYMENT_TARGET = 12.2;
				MTL_ENABLE_DEBUG_INFO = INCLUDE_SOURCE;
				MTL_FAST_MATH = YES;
				ONLY_ACTIVE_ARCH = YES;
				SDKROOT = iphoneos;
			};
			name = Debug;
		};
		03E056F922B1DBEE00E4B6C8 /* Release */ = {
			isa = XCBuildConfiguration;
			buildSettings = {
				ALWAYS_SEARCH_USER_PATHS = NO;
				CLANG_ANALYZER_NONNULL = YES;
				CLANG_ANALYZER_NUMBER_OBJECT_CONVERSION = YES_AGGRESSIVE;
				CLANG_CXX_LANGUAGE_STANDARD = "gnu++14";
				CLANG_CXX_LIBRARY = "libc++";
				CLANG_ENABLE_MODULES = YES;
				CLANG_ENABLE_OBJC_ARC = YES;
				CLANG_ENABLE_OBJC_WEAK = YES;
				CLANG_WARN_BLOCK_CAPTURE_AUTORELEASING = YES;
				CLANG_WARN_BOOL_CONVERSION = YES;
				CLANG_WARN_COMMA = YES;
				CLANG_WARN_CONSTANT_CONVERSION = YES;
				CLANG_WARN_DEPRECATED_OBJC_IMPLEMENTATIONS = YES;
				CLANG_WARN_DIRECT_OBJC_ISA_USAGE = YES_ERROR;
				CLANG_WARN_DOCUMENTATION_COMMENTS = YES;
				CLANG_WARN_EMPTY_BODY = YES;
				CLANG_WARN_ENUM_CONVERSION = YES;
				CLANG_WARN_INFINITE_RECURSION = YES;
				CLANG_WARN_INT_CONVERSION = YES;
				CLANG_WARN_NON_LITERAL_NULL_CONVERSION = YES;
				CLANG_WARN_OBJC_IMPLICIT_RETAIN_SELF = YES;
				CLANG_WARN_OBJC_LITERAL_CONVERSION = YES;
				CLANG_WARN_OBJC_ROOT_CLASS = YES_ERROR;
				CLANG_WARN_RANGE_LOOP_ANALYSIS = YES;
				CLANG_WARN_STRICT_PROTOTYPES = YES;
				CLANG_WARN_SUSPICIOUS_MOVE = YES;
				CLANG_WARN_UNGUARDED_AVAILABILITY = YES_AGGRESSIVE;
				CLANG_WARN_UNREACHABLE_CODE = YES;
				CLANG_WARN__DUPLICATE_METHOD_MATCH = YES;
				CODE_SIGN_IDENTITY = "iPhone Developer";
				COPY_PHASE_STRIP = NO;
				DEBUG_INFORMATION_FORMAT = "dwarf-with-dsym";
				ENABLE_NS_ASSERTIONS = NO;
				ENABLE_STRICT_OBJC_MSGSEND = YES;
				GCC_C_LANGUAGE_STANDARD = gnu11;
				GCC_NO_COMMON_BLOCKS = YES;
				GCC_WARN_64_TO_32_BIT_CONVERSION = YES;
				GCC_WARN_ABOUT_RETURN_TYPE = YES_ERROR;
				GCC_WARN_UNDECLARED_SELECTOR = YES;
				GCC_WARN_UNINITIALIZED_AUTOS = YES_AGGRESSIVE;
				GCC_WARN_UNUSED_FUNCTION = YES;
				GCC_WARN_UNUSED_VARIABLE = YES;
				IPHONEOS_DEPLOYMENT_TARGET = 12.2;
				MTL_ENABLE_DEBUG_INFO = NO;
				MTL_FAST_MATH = YES;
				SDKROOT = iphoneos;
				VALIDATE_PRODUCT = YES;
			};
			name = Release;
		};
		03E056FB22B1DBEE00E4B6C8 /* Debug */ = {
			isa = XCBuildConfiguration;
			baseConfigurationReference = 70D29DA1EC9794872FC9D728 /* Pods-PlugInUnitDemo.debug.xcconfig */;
			buildSettings = {
				ASSETCATALOG_COMPILER_APPICON_NAME = AppIcon;
				CODE_SIGN_STYLE = Automatic;
				DEVELOPMENT_TEAM = EH4QP2YKYS;
				INFOPLIST_FILE = PlugInUnitDemo/Info.plist;
				LD_RUNPATH_SEARCH_PATHS = (
					"$(inherited)",
					"@executable_path/Frameworks",
				);
				PRODUCT_BUNDLE_IDENTIFIER = com.migu.PlugInUnitDemo;
				PRODUCT_NAME = "$(TARGET_NAME)";
				TARGETED_DEVICE_FAMILY = "1,2";
			};
			name = Debug;
		};
		03E056FC22B1DBEE00E4B6C8 /* Release */ = {
			isa = XCBuildConfiguration;
			baseConfigurationReference = 62BF680BB9A8540B518DB5D3 /* Pods-PlugInUnitDemo.release.xcconfig */;
			buildSettings = {
				ASSETCATALOG_COMPILER_APPICON_NAME = AppIcon;
				CODE_SIGN_STYLE = Automatic;
				DEVELOPMENT_TEAM = EH4QP2YKYS;
				INFOPLIST_FILE = PlugInUnitDemo/Info.plist;
				LD_RUNPATH_SEARCH_PATHS = (
					"$(inherited)",
					"@executable_path/Frameworks",
				);
				PRODUCT_BUNDLE_IDENTIFIER = com.migu.PlugInUnitDemo;
				PRODUCT_NAME = "$(TARGET_NAME)";
				TARGETED_DEVICE_FAMILY = "1,2";
			};
			name = Release;
		};
/* End XCBuildConfiguration section */

/* Begin XCConfigurationList section */
		03E056DF22B1DBE900E4B6C8 /* Build configuration list for PBXProject "PlugInUnitDemo" */ = {
			isa = XCConfigurationList;
			buildConfigurations = (
				03E056F822B1DBEE00E4B6C8 /* Debug */,
				03E056F922B1DBEE00E4B6C8 /* Release */,
			);
			defaultConfigurationIsVisible = 0;
			defaultConfigurationName = Release;
		};
		03E056FA22B1DBEE00E4B6C8 /* Build configuration list for PBXNativeTarget "PlugInUnitDemo" */ = {
			isa = XCConfigurationList;
			buildConfigurations = (
				03E056FB22B1DBEE00E4B6C8 /* Debug */,
				03E056FC22B1DBEE00E4B6C8 /* Release */,
			);
			defaultConfigurationIsVisible = 0;
			defaultConfigurationName = Release;
		};
/* End XCConfigurationList section */
	};
	rootObject = 03E056DC22B1DBE900E4B6C8 /* Project object */;
}
